
Microsoft Visual Studio Solution File, Format Version 12.00
# Visual Studio 15
VisualStudioVersion = 15.0.27130.0
MinimumVisualStudioVersion = 10.0.40219.1
Project("{2150E333-8FDC-42A3-9474-1A3956D46DE8}") = "src", "src", "{E74445DD-28F2-4920-961A-C3778DA73664}"
EndProject
Project("{2150E333-8FDC-42A3-9474-1A3956D46DE8}") = "doc", "doc", "{7B2AAD5E-368D-44EC-9215-418C718128CD}"
	ProjectSection(SolutionItems) = preProject
		.gitignore = .gitignore
		README.md = README.md
	EndProjectSection
EndProject
Project("{2150E333-8FDC-42A3-9474-1A3956D46DE8}") = "deploy", "deploy", "{8E178E6A-3786-4105-87DA-7523E146F09C}"
	ProjectSection(SolutionItems) = preProject
		deploy\azuredeploy.json = deploy\azuredeploy.json
		deploy\azuredeploy.parameters.json = deploy\azuredeploy.parameters.json
		deploy\deploy.ps1 = deploy\deploy.ps1
	EndProjectSection
EndProject
Project("{2150E333-8FDC-42A3-9474-1A3956D46DE8}") = "test", "test", "{70D80D12-0F5B-4966-9543-5304131A9000}"
EndProject
Global
	GlobalSection(SolutionConfigurationPlatforms) = preSolution
		Debug|Any CPU = Debug|Any CPU
		Release|Any CPU = Release|Any CPU
	EndGlobalSection
	GlobalSection(ProjectConfigurationPlatforms) = postSolution
		{36C9C79A-AD07-437F-AF6B-26313A8B2E99}.Debug|Any CPU.ActiveCfg = Debug|Any CPU
		{36C9C79A-AD07-437F-AF6B-26313A8B2E99}.Debug|Any CPU.Build.0 = Debug|Any CPU
		{36C9C79A-AD07-437F-AF6B-26313A8B2E99}.Release|Any CPU.ActiveCfg = Release|Any CPU
		{36C9C79A-AD07-437F-AF6B-26313A8B2E99}.Release|Any CPU.Build.0 = Release|Any CPU
	EndGlobalSection
	GlobalSection(SolutionProperties) = preSolution
		HideSolutionNode = FALSE
	EndGlobalSection
	GlobalSection(NestedProjects) = preSolution
		{36C9C79A-AD07-437F-AF6B-26313A8B2E99} = {E74445DD-28F2-4920-961A-C3778DA73664}
	EndGlobalSection
	GlobalSection(ExtensibilityGlobals) = postSolution
		SolutionGuid = {F99521D6-99C8-41D7-83DC-3D5523498EE7}
	EndGlobalSection
EndGlobal
